
Microsoft Visual Studio Solution File, Format Version 12.00
# Visual Studio Version 16
VisualStudioVersion = 25.0.1705.0
MinimumVisualStudioVersion = 10.0.40219.1
Project("{FAE04EC0-301F-11D3-BF4B-00C04F79EFBC}") = "Lists", "Lists.csproj", "{432CCC22-E84C-4184-9A67-937D884A57BB}"
EndProject
Global
	GlobalSection(SolutionConfigurationPlatforms) = preSolution
		Debug|Any CPU = Debug|Any CPU
		Release|Any CPU = Release|Any CPU
	EndGlobalSection
	GlobalSection(ProjectConfigurationPlatforms) = postSolution
		{432CCC22-E84C-4184-9A67-937D884A57BB}.Debug|Any CPU.ActiveCfg = Debug|Any CPU
		{432CCC22-E84C-4184-9A67-937D884A57BB}.Debug|Any CPU.Build.0 = Debug|Any CPU
		{432CCC22-E84C-4184-9A67-937D884A57BB}.Release|Any CPU.ActiveCfg = Release|Any CPU
		{432CCC22-E84C-4184-9A67-937D884A57BB}.Release|Any CPU.Build.0 = Release|Any CPU
	EndGlobalSection
	GlobalSection(SolutionProperties) = preSolution
		HideSolutionNode = FALSE
	EndGlobalSection
	GlobalSection(ExtensibilityGlobals) = postSolution
		SolutionGuid = {419CD290-F1BD-44E1-A1CD-B383DB339A93}
	EndGlobalSection
EndGlobal
